
Microsoft Visual Studio Solution File, Format Version 12.00
# Visual Studio Version 17
VisualStudioVersion = 17.3.32819.101
MinimumVisualStudioVersion = 10.0.40219.1
Project("{FAE04EC0-301F-11D3-BF4B-00C04F79EFBC}") = "Pustovoy.Lopushok", "Pustovoy.Lopushok\Pustovoy.Lopushok.csproj", "{86B394E0-1EBF-4C0E-9D60-0321D58F3EBE}"
EndProject
Global
	GlobalSection(SolutionConfigurationPlatforms) = preSolution
		Debug|Any CPU = Debug|Any CPU
		Release|Any CPU = Release|Any CPU
	EndGlobalSection
	GlobalSection(ProjectConfigurationPlatforms) = postSolution
		{86B394E0-1EBF-4C0E-9D60-0321D58F3EBE}.Debug|Any CPU.ActiveCfg = Debug|Any CPU
		{86B394E0-1EBF-4C0E-9D60-0321D58F3EBE}.Debug|Any CPU.Build.0 = Debug|Any CPU
		{86B394E0-1EBF-4C0E-9D60-0321D58F3EBE}.Release|Any CPU.ActiveCfg = Release|Any CPU
		{86B394E0-1EBF-4C0E-9D60-0321D58F3EBE}.Release|Any CPU.Build.0 = Release|Any CPU
	EndGlobalSection
	GlobalSection(SolutionProperties) = preSolution
		HideSolutionNode = FALSE
	EndGlobalSection
	GlobalSection(ExtensibilityGlobals) = postSolution
		SolutionGuid = {34C6A7C3-57E3-476A-87D0-045DFCD3130D}
	EndGlobalSection
EndGlobal
